// !$*UTF8*$!
{
	archiveVersion = 1;
	classes = {
	};
	objectVersion = 50;
	objects = {

/* Begin PBXBuildFile section */
		0575A53C0CF239052B621D60 /* Pods_Native_iOS_AppTests.framework in Frameworks */ = {isa = PBXBuildFile; fileRef = 5602302D6101D8913689B5B1 /* Pods_Native_iOS_AppTests.framework */; };
		0FFC92462146779300FDA476 /* AppDelegate.swift in Sources */ = {isa = PBXBuildFile; fileRef = 0FFC92452146779300FDA476 /* AppDelegate.swift */; };
		0FFC92482146779300FDA476 /* ViewController.swift in Sources */ = {isa = PBXBuildFile; fileRef = 0FFC92472146779300FDA476 /* ViewController.swift */; };
		0FFC924B2146779300FDA476 /* Main.storyboard in Resources */ = {isa = PBXBuildFile; fileRef = 0FFC92492146779300FDA476 /* Main.storyboard */; };
		0FFC924D2146779500FDA476 /* Assets.xcassets in Resources */ = {isa = PBXBuildFile; fileRef = 0FFC924C2146779500FDA476 /* Assets.xcassets */; };
		0FFC92502146779500FDA476 /* LaunchScreen.storyboard in Resources */ = {isa = PBXBuildFile; fileRef = 0FFC924E2146779500FDA476 /* LaunchScreen.storyboard */; };
		0FFC925B2146779500FDA476 /* Native_iOS_AppTests.swift in Sources */ = {isa = PBXBuildFile; fileRef = 0FFC925A2146779500FDA476 /* Native_iOS_AppTests.swift */; };
		0FFC92662146779500FDA476 /* Native_iOS_AppUITests.swift in Sources */ = {isa = PBXBuildFile; fileRef = 0FFC92652146779500FDA476 /* Native_iOS_AppUITests.swift */; };
		0FFC927E2147A81400FDA476 /* main.jsbundle in Resources */ = {isa = PBXBuildFile; fileRef = 0FFC927D2147A81400FDA476 /* main.jsbundle */; };
		3D1B80E49DDA9BBF79F2A284 /* Pods_Native_iOS_AppUITests.framework in Frameworks */ = {isa = PBXBuildFile; fileRef = A7E6EAF297D8FD01EC569651 /* Pods_Native_iOS_AppUITests.framework */; };
		82B4BA259CA1542E20756378 /* Pods_Native_iOS_App.framework in Frameworks */ = {isa = PBXBuildFile; fileRef = CB5AD6944BD7EB55C6C576B4 /* Pods_Native_iOS_App.framework */; };
/* End PBXBuildFile section */

/* Begin PBXContainerItemProxy section */
		0FFC92572146779500FDA476 /* PBXContainerItemProxy */ = {
			isa = PBXContainerItemProxy;
			containerPortal = 0FFC923A2146779300FDA476 /* Project object */;
			proxyType = 1;
			remoteGlobalIDString = 0FFC92412146779300FDA476;
			remoteInfo = Native_iOS_App;
		};
		0FFC92622146779500FDA476 /* PBXContainerItemProxy */ = {
			isa = PBXContainerItemProxy;
			containerPortal = 0FFC923A2146779300FDA476 /* Project object */;
			proxyType = 1;
			remoteGlobalIDString = 0FFC92412146779300FDA476;
			remoteInfo = Native_iOS_App;
		};
/* End PBXContainerItemProxy section */

/* Begin PBXFileReference section */
		0FFC92422146779300FDA476 /* Native_iOS_App.app */ = {isa = PBXFileReference; explicitFileType = wrapper.application; includeInIndex = 0; path = Native_iOS_App.app; sourceTree = BUILT_PRODUCTS_DIR; };
		0FFC92452146779300FDA476 /* AppDelegate.swift */ = {isa = PBXFileReference; lastKnownFileType = sourcecode.swift; path = AppDelegate.swift; sourceTree = "<group>"; };
		0FFC92472146779300FDA476 /* ViewController.swift */ = {isa = PBXFileReference; lastKnownFileType = sourcecode.swift; path = ViewController.swift; sourceTree = "<group>"; };
		0FFC924A2146779300FDA476 /* Base */ = {isa = PBXFileReference; lastKnownFileType = file.storyboard; name = Base; path = Base.lproj/Main.storyboard; sourceTree = "<group>"; };
		0FFC924C2146779500FDA476 /* Assets.xcassets */ = {isa = PBXFileReference; lastKnownFileType = folder.assetcatalog; path = Assets.xcassets; sourceTree = "<group>"; };
		0FFC924F2146779500FDA476 /* Base */ = {isa = PBXFileReference; lastKnownFileType = file.storyboard; name = Base; path = Base.lproj/LaunchScreen.storyboard; sourceTree = "<group>"; };
		0FFC92512146779500FDA476 /* Info.plist */ = {isa = PBXFileReference; lastKnownFileType = text.plist.xml; path = Info.plist; sourceTree = "<group>"; };
		0FFC92562146779500FDA476 /* Native_iOS_AppTests.xctest */ = {isa = PBXFileReference; explicitFileType = wrapper.cfbundle; includeInIndex = 0; path = Native_iOS_AppTests.xctest; sourceTree = BUILT_PRODUCTS_DIR; };
		0FFC925A2146779500FDA476 /* Native_iOS_AppTests.swift */ = {isa = PBXFileReference; lastKnownFileType = sourcecode.swift; path = Native_iOS_AppTests.swift; sourceTree = "<group>"; };
		0FFC925C2146779500FDA476 /* Info.plist */ = {isa = PBXFileReference; lastKnownFileType = text.plist.xml; path = Info.plist; sourceTree = "<group>"; };
		0FFC92612146779500FDA476 /* Native_iOS_AppUITests.xctest */ = {isa = PBXFileReference; explicitFileType = wrapper.cfbundle; includeInIndex = 0; path = Native_iOS_AppUITests.xctest; sourceTree = BUILT_PRODUCTS_DIR; };
		0FFC92652146779500FDA476 /* Native_iOS_AppUITests.swift */ = {isa = PBXFileReference; lastKnownFileType = sourcecode.swift; path = Native_iOS_AppUITests.swift; sourceTree = "<group>"; };
		0FFC92672146779500FDA476 /* Info.plist */ = {isa = PBXFileReference; lastKnownFileType = text.plist.xml; path = Info.plist; sourceTree = "<group>"; };
		0FFC927D2147A81400FDA476 /* main.jsbundle */ = {isa = PBXFileReference; fileEncoding = 4; lastKnownFileType = text; name = main.jsbundle; path = "../../React Native App/Bakesale/main.jsbundle"; sourceTree = "<group>"; };
		287B8528C9276C4423E7B969 /* Pods-Native_iOS_App.release.xcconfig */ = {isa = PBXFileReference; includeInIndex = 1; lastKnownFileType = text.xcconfig; name = "Pods-Native_iOS_App.release.xcconfig"; path = "Target Support Files/Pods-Native_iOS_App/Pods-Native_iOS_App.release.xcconfig"; sourceTree = "<group>"; };
		3B08054BA442D16F1CD9B010 /* Pods-Native_iOS_AppUITests.release.xcconfig */ = {isa = PBXFileReference; includeInIndex = 1; lastKnownFileType = text.xcconfig; name = "Pods-Native_iOS_AppUITests.release.xcconfig"; path = "Target Support Files/Pods-Native_iOS_AppUITests/Pods-Native_iOS_AppUITests.release.xcconfig"; sourceTree = "<group>"; };
		5602302D6101D8913689B5B1 /* Pods_Native_iOS_AppTests.framework */ = {isa = PBXFileReference; explicitFileType = wrapper.framework; includeInIndex = 0; path = Pods_Native_iOS_AppTests.framework; sourceTree = BUILT_PRODUCTS_DIR; };
		985B0FAC56F7E4E288108ECE /* Pods-Native_iOS_AppTests.release.xcconfig */ = {isa = PBXFileReference; includeInIndex = 1; lastKnownFileType = text.xcconfig; name = "Pods-Native_iOS_AppTests.release.xcconfig"; path = "Target Support Files/Pods-Native_iOS_AppTests/Pods-Native_iOS_AppTests.release.xcconfig"; sourceTree = "<group>"; };
		A05FFC3027F1301186FCC6D3 /* Pods-Native_iOS_AppTests.debug.xcconfig */ = {isa = PBXFileReference; includeInIndex = 1; lastKnownFileType = text.xcconfig; name = "Pods-Native_iOS_AppTests.debug.xcconfig"; path = "Target Support Files/Pods-Native_iOS_AppTests/Pods-Native_iOS_AppTests.debug.xcconfig"; sourceTree = "<group>"; };
		A7E6EAF297D8FD01EC569651 /* Pods_Native_iOS_AppUITests.framework */ = {isa = PBXFileReference; explicitFileType = wrapper.framework; includeInIndex = 0; path = Pods_Native_iOS_AppUITests.framework; sourceTree = BUILT_PRODUCTS_DIR; };
		CB5AD6944BD7EB55C6C576B4 /* Pods_Native_iOS_App.framework */ = {isa = PBXFileReference; explicitFileType = wrapper.framework; includeInIndex = 0; path = Pods_Native_iOS_App.framework; sourceTree = BUILT_PRODUCTS_DIR; };
		D4F6722CF6F56D361DADDDA9 /* Pods-Native_iOS_AppUITests.debug.xcconfig */ = {isa = PBXFileReference; includeInIndex = 1; lastKnownFileType = text.xcconfig; name = "Pods-Native_iOS_AppUITests.debug.xcconfig"; path = "Target Support Files/Pods-Native_iOS_AppUITests/Pods-Native_iOS_AppUITests.debug.xcconfig"; sourceTree = "<group>"; };
		F4029EA3CB86124FAE575731 /* Pods-Native_iOS_App.debug.xcconfig */ = {isa = PBXFileReference; includeInIndex = 1; lastKnownFileType = text.xcconfig; name = "Pods-Native_iOS_App.debug.xcconfig"; path = "Target Support Files/Pods-Native_iOS_App/Pods-Native_iOS_App.debug.xcconfig"; sourceTree = "<group>"; };
/* End PBXFileReference section */

/* Begin PBXFrameworksBuildPhase section */
		0FFC923F2146779300FDA476 /* Frameworks */ = {
			isa = PBXFrameworksBuildPhase;
			buildActionMask = 2147483647;
			files = (
				82B4BA259CA1542E20756378 /* Pods_Native_iOS_App.framework in Frameworks */,
			);
			runOnlyForDeploymentPostprocessing = 0;
		};
		0FFC92532146779500FDA476 /* Frameworks */ = {
			isa = PBXFrameworksBuildPhase;
			buildActionMask = 2147483647;
			files = (
				0575A53C0CF239052B621D60 /* Pods_Native_iOS_AppTests.framework in Frameworks */,
			);
			runOnlyForDeploymentPostprocessing = 0;
		};
		0FFC925E2146779500FDA476 /* Frameworks */ = {
			isa = PBXFrameworksBuildPhase;
			buildActionMask = 2147483647;
			files = (
				3D1B80E49DDA9BBF79F2A284 /* Pods_Native_iOS_AppUITests.framework in Frameworks */,
			);
			runOnlyForDeploymentPostprocessing = 0;
		};
/* End PBXFrameworksBuildPhase section */

/* Begin PBXGroup section */
		0FFC92392146779300FDA476 = {
			isa = PBXGroup;
			children = (
				0FFC927D2147A81400FDA476 /* main.jsbundle */,
				0FFC92442146779300FDA476 /* Native_iOS_App */,
				0FFC92592146779500FDA476 /* Native_iOS_AppTests */,
				0FFC92642146779500FDA476 /* Native_iOS_AppUITests */,
				0FFC92432146779300FDA476 /* Products */,
				1D92E3E4EB8AF0295A94C2DC /* Pods */,
				29D1F7A5D646449DFE2A340E /* Frameworks */,
			);
			sourceTree = "<group>";
		};
		0FFC92432146779300FDA476 /* Products */ = {
			isa = PBXGroup;
			children = (
				0FFC92422146779300FDA476 /* Native_iOS_App.app */,
				0FFC92562146779500FDA476 /* Native_iOS_AppTests.xctest */,
				0FFC92612146779500FDA476 /* Native_iOS_AppUITests.xctest */,
			);
			name = Products;
			sourceTree = "<group>";
		};
		0FFC92442146779300FDA476 /* Native_iOS_App */ = {
			isa = PBXGroup;
			children = (
				0FFC92452146779300FDA476 /* AppDelegate.swift */,
				0FFC92472146779300FDA476 /* ViewController.swift */,
				0FFC92492146779300FDA476 /* Main.storyboard */,
				0FFC924C2146779500FDA476 /* Assets.xcassets */,
				0FFC924E2146779500FDA476 /* LaunchScreen.storyboard */,
				0FFC92512146779500FDA476 /* Info.plist */,
			);
			path = Native_iOS_App;
			sourceTree = "<group>";
		};
		0FFC92592146779500FDA476 /* Native_iOS_AppTests */ = {
			isa = PBXGroup;
			children = (
				0FFC925A2146779500FDA476 /* Native_iOS_AppTests.swift */,
				0FFC925C2146779500FDA476 /* Info.plist */,
			);
			path = Native_iOS_AppTests;
			sourceTree = "<group>";
		};
		0FFC92642146779500FDA476 /* Native_iOS_AppUITests */ = {
			isa = PBXGroup;
			children = (
				0FFC92652146779500FDA476 /* Native_iOS_AppUITests.swift */,
				0FFC92672146779500FDA476 /* Info.plist */,
			);
			path = Native_iOS_AppUITests;
			sourceTree = "<group>";
		};
		1D92E3E4EB8AF0295A94C2DC /* Pods */ = {
			isa = PBXGroup;
			children = (
				F4029EA3CB86124FAE575731 /* Pods-Native_iOS_App.debug.xcconfig */,
				287B8528C9276C4423E7B969 /* Pods-Native_iOS_App.release.xcconfig */,
				A05FFC3027F1301186FCC6D3 /* Pods-Native_iOS_AppTests.debug.xcconfig */,
				985B0FAC56F7E4E288108ECE /* Pods-Native_iOS_AppTests.release.xcconfig */,
				D4F6722CF6F56D361DADDDA9 /* Pods-Native_iOS_AppUITests.debug.xcconfig */,
				3B08054BA442D16F1CD9B010 /* Pods-Native_iOS_AppUITests.release.xcconfig */,
			);
			path = Pods;
			sourceTree = "<group>";
		};
		29D1F7A5D646449DFE2A340E /* Frameworks */ = {
			isa = PBXGroup;
			children = (
				CB5AD6944BD7EB55C6C576B4 /* Pods_Native_iOS_App.framework */,
				5602302D6101D8913689B5B1 /* Pods_Native_iOS_AppTests.framework */,
				A7E6EAF297D8FD01EC569651 /* Pods_Native_iOS_AppUITests.framework */,
			);
			name = Frameworks;
			sourceTree = "<group>";
		};
/* End PBXGroup section */

/* Begin PBXNativeTarget section */
		0FFC92412146779300FDA476 /* Native_iOS_App */ = {
			isa = PBXNativeTarget;
			buildConfigurationList = 0FFC926A2146779500FDA476 /* Build configuration list for PBXNativeTarget "Native_iOS_App" */;
			buildPhases = (
				1328D1A04D35D75FBB799747 /* [CP] Check Pods Manifest.lock */,
				0FFC923E2146779300FDA476 /* Sources */,
				0FFC923F2146779300FDA476 /* Frameworks */,
				0FFC92402146779300FDA476 /* Resources */,
				17C9AA70109F34A71015980C /* [CP] Embed Pods Frameworks */,
			);
			buildRules = (
			);
			dependencies = (
			);
			name = Native_iOS_App;
			productName = Native_iOS_App;
			productReference = 0FFC92422146779300FDA476 /* Native_iOS_App.app */;
			productType = "com.apple.product-type.application";
		};
		0FFC92552146779500FDA476 /* Native_iOS_AppTests */ = {
			isa = PBXNativeTarget;
			buildConfigurationList = 0FFC926D2146779500FDA476 /* Build configuration list for PBXNativeTarget "Native_iOS_AppTests" */;
			buildPhases = (
				E2A0EE707110C6BBABF1F8E7 /* [CP] Check Pods Manifest.lock */,
				0FFC92522146779500FDA476 /* Sources */,
				0FFC92532146779500FDA476 /* Frameworks */,
				0FFC92542146779500FDA476 /* Resources */,
			);
			buildRules = (
			);
			dependencies = (
				0FFC92582146779500FDA476 /* PBXTargetDependency */,
			);
			name = Native_iOS_AppTests;
			productName = Native_iOS_AppTests;
			productReference = 0FFC92562146779500FDA476 /* Native_iOS_AppTests.xctest */;
			productType = "com.apple.product-type.bundle.unit-test";
		};
		0FFC92602146779500FDA476 /* Native_iOS_AppUITests */ = {
			isa = PBXNativeTarget;
			buildConfigurationList = 0FFC92702146779500FDA476 /* Build configuration list for PBXNativeTarget "Native_iOS_AppUITests" */;
			buildPhases = (
				96CF2A39746310F4C8654267 /* [CP] Check Pods Manifest.lock */,
				0FFC925D2146779500FDA476 /* Sources */,
				0FFC925E2146779500FDA476 /* Frameworks */,
				0FFC925F2146779500FDA476 /* Resources */,
			);
			buildRules = (
			);
			dependencies = (
				0FFC92632146779500FDA476 /* PBXTargetDependency */,
			);
			name = Native_iOS_AppUITests;
			productName = Native_iOS_AppUITests;
			productReference = 0FFC92612146779500FDA476 /* Native_iOS_AppUITests.xctest */;
			productType = "com.apple.product-type.bundle.ui-testing";
		};
/* End PBXNativeTarget section */

/* Begin PBXProject section */
		0FFC923A2146779300FDA476 /* Project object */ = {
			isa = PBXProject;
			attributes = {
				LastSwiftUpdateCheck = 0940;
				LastUpgradeCheck = 0940;
				ORGANIZATIONNAME = Pramati;
				TargetAttributes = {
					0FFC92412146779300FDA476 = {
						CreatedOnToolsVersion = 9.4.1;
					};
					0FFC92552146779500FDA476 = {
						CreatedOnToolsVersion = 9.4.1;
						TestTargetID = 0FFC92412146779300FDA476;
					};
					0FFC92602146779500FDA476 = {
						CreatedOnToolsVersion = 9.4.1;
						TestTargetID = 0FFC92412146779300FDA476;
					};
				};
			};
			buildConfigurationList = 0FFC923D2146779300FDA476 /* Build configuration list for PBXProject "Native_iOS_App" */;
			compatibilityVersion = "Xcode 9.3";
			developmentRegion = en;
			hasScannedForEncodings = 0;
			knownRegions = (
				en,
				Base,
			);
			mainGroup = 0FFC92392146779300FDA476;
			productRefGroup = 0FFC92432146779300FDA476 /* Products */;
			projectDirPath = "";
			projectRoot = "";
			targets = (
				0FFC92412146779300FDA476 /* Native_iOS_App */,
				0FFC92552146779500FDA476 /* Native_iOS_AppTests */,
				0FFC92602146779500FDA476 /* Native_iOS_AppUITests */,
			);
		};
/* End PBXProject section */

/* Begin PBXResourcesBuildPhase section */
		0FFC92402146779300FDA476 /* Resources */ = {
			isa = PBXResourcesBuildPhase;
			buildActionMask = 2147483647;
			files = (
				0FFC92502146779500FDA476 /* LaunchScreen.storyboard in Resources */,
				0FFC924D2146779500FDA476 /* Assets.xcassets in Resources */,
				0FFC924B2146779300FDA476 /* Main.storyboard in Resources */,
				0FFC927E2147A81400FDA476 /* main.jsbundle in Resources */,
			);
			runOnlyForDeploymentPostprocessing = 0;
		};
		0FFC92542146779500FDA476 /* Resources */ = {
			isa = PBXResourcesBuildPhase;
			buildActionMask = 2147483647;
			files = (
			);
			runOnlyForDeploymentPostprocessing = 0;
		};
		0FFC925F2146779500FDA476 /* Resources */ = {
			isa = PBXResourcesBuildPhase;
			buildActionMask = 2147483647;
			files = (
			);
			runOnlyForDeploymentPostprocessing = 0;
		};
/* End PBXResourcesBuildPhase section */

/* Begin PBXShellScriptBuildPhase section */
		1328D1A04D35D75FBB799747 /* [CP] Check Pods Manifest.lock */ = {
			isa = PBXShellScriptBuildPhase;
			buildActionMask = 2147483647;
			files = (
			);
			inputPaths = (
				"${PODS_PODFILE_DIR_PATH}/Podfile.lock",
				"${PODS_ROOT}/Manifest.lock",
			);
			name = "[CP] Check Pods Manifest.lock";
			outputPaths = (
				"$(DERIVED_FILE_DIR)/Pods-Native_iOS_App-checkManifestLockResult.txt",
			);
			runOnlyForDeploymentPostprocessing = 0;
			shellPath = /bin/sh;
			shellScript = "diff \"${PODS_PODFILE_DIR_PATH}/Podfile.lock\" \"${PODS_ROOT}/Manifest.lock\" > /dev/null\nif [ $? != 0 ] ; then\n    # print error to STDERR\n    echo \"error: The sandbox is not in sync with the Podfile.lock. Run 'pod install' or update your CocoaPods installation.\" >&2\n    exit 1\nfi\n# This output is used by Xcode 'outputs' to avoid re-running this script phase.\necho \"SUCCESS\" > \"${SCRIPT_OUTPUT_FILE_0}\"\n";
			showEnvVarsInLog = 0;
		};
		17C9AA70109F34A71015980C /* [CP] Embed Pods Frameworks */ = {
			isa = PBXShellScriptBuildPhase;
			buildActionMask = 2147483647;
			files = (
			);
			inputPaths = (
				"${PODS_ROOT}/Target Support Files/Pods-Native_iOS_App/Pods-Native_iOS_App-frameworks.sh",
				"${BUILT_PRODUCTS_DIR}/DoubleConversion/DoubleConversion.framework",
				"${BUILT_PRODUCTS_DIR}/Folly/folly.framework",
				"${BUILT_PRODUCTS_DIR}/React/React.framework",
				"${BUILT_PRODUCTS_DIR}/glog/glog.framework",
				"${BUILT_PRODUCTS_DIR}/yoga/yoga.framework",
			);
			name = "[CP] Embed Pods Frameworks";
			outputPaths = (
				"${TARGET_BUILD_DIR}/${FRAMEWORKS_FOLDER_PATH}/DoubleConversion.framework",
				"${TARGET_BUILD_DIR}/${FRAMEWORKS_FOLDER_PATH}/folly.framework",
				"${TARGET_BUILD_DIR}/${FRAMEWORKS_FOLDER_PATH}/React.framework",
				"${TARGET_BUILD_DIR}/${FRAMEWORKS_FOLDER_PATH}/glog.framework",
				"${TARGET_BUILD_DIR}/${FRAMEWORKS_FOLDER_PATH}/yoga.framework",
			);
			runOnlyForDeploymentPostprocessing = 0;
			shellPath = /bin/sh;
			shellScript = "\"${PODS_ROOT}/Target Support Files/Pods-Native_iOS_App/Pods-Native_iOS_App-frameworks.sh\"\n";
			showEnvVarsInLog = 0;
		};
		96CF2A39746310F4C8654267 /* [CP] Check Pods Manifest.lock */ = {
			isa = PBXShellScriptBuildPhase;
			buildActionMask = 2147483647;
			files = (
			);
			inputPaths = (
				"${PODS_PODFILE_DIR_PATH}/Podfile.lock",
				"${PODS_ROOT}/Manifest.lock",
			);
			name = "[CP] Check Pods Manifest.lock";
			outputPaths = (
				"$(DERIVED_FILE_DIR)/Pods-Native_iOS_AppUITests-checkManifestLockResult.txt",
			);
			runOnlyForDeploymentPostprocessing = 0;
			shellPath = /bin/sh;
			shellScript = "diff \"${PODS_PODFILE_DIR_PATH}/Podfile.lock\" \"${PODS_ROOT}/Manifest.lock\" > /dev/null\nif [ $? != 0 ] ; then\n    # print error to STDERR\n    echo \"error: The sandbox is not in sync with the Podfile.lock. Run 'pod install' or update your CocoaPods installation.\" >&2\n    exit 1\nfi\n# This output is used by Xcode 'outputs' to avoid re-running this script phase.\necho \"SUCCESS\" > \"${SCRIPT_OUTPUT_FILE_0}\"\n";
			showEnvVarsInLog = 0;
		};
		E2A0EE707110C6BBABF1F8E7 /* [CP] Check Pods Manifest.lock */ = {
			isa = PBXShellScriptBuildPhase;
			buildActionMask = 2147483647;
			files = (
			);
			inputPaths = (
				"${PODS_PODFILE_DIR_PATH}/Podfile.lock",
				"${PODS_ROOT}/Manifest.lock",
			);
			name = "[CP] Check Pods Manifest.lock";
			outputPaths = (
				"$(DERIVED_FILE_DIR)/Pods-Native_iOS_AppTests-checkManifestLockResult.txt",
			);
			runOnlyForDeploymentPostprocessing = 0;
			shellPath = /bin/sh;
			shellScript = "diff \"${PODS_PODFILE_DIR_PATH}/Podfile.lock\" \"${PODS_ROOT}/Manifest.lock\" > /dev/null\nif [ $? != 0 ] ; then\n    # print error to STDERR\n    echo \"error: The sandbox is not in sync with the Podfile.lock. Run 'pod install' or update your CocoaPods installation.\" >&2\n    exit 1\nfi\n# This output is used by Xcode 'outputs' to avoid re-running this script phase.\necho \"SUCCESS\" > \"${SCRIPT_OUTPUT_FILE_0}\"\n";
			showEnvVarsInLog = 0;
		};
/* End PBXShellScriptBuildPhase section */

/* Begin PBXSourcesBuildPhase section */
		0FFC923E2146779300FDA476 /* Sources */ = {
			isa = PBXSourcesBuildPhase;
			buildActionMask = 2147483647;
			files = (
				0FFC92482146779300FDA476 /* ViewController.swift in Sources */,
				0FFC92462146779300FDA476 /* AppDelegate.swift in Sources */,
			);
			runOnlyForDeploymentPostprocessing = 0;
		};
		0FFC92522146779500FDA476 /* Sources */ = {
			isa = PBXSourcesBuildPhase;
			buildActionMask = 2147483647;
			files = (
				0FFC925B2146779500FDA476 /* Native_iOS_AppTests.swift in Sources */,
			);
			runOnlyForDeploymentPostprocessing = 0;
		};
		0FFC925D2146779500FDA476 /* Sources */ = {
			isa = PBXSourcesBuildPhase;
			buildActionMask = 2147483647;
			files = (
				0FFC92662146779500FDA476 /* Native_iOS_AppUITests.swift in Sources */,
			);
			runOnlyForDeploymentPostprocessing = 0;
		};
/* End PBXSourcesBuildPhase section */

/* Begin PBXTargetDependency section */
		0FFC92582146779500FDA476 /* PBXTargetDependency */ = {
			isa = PBXTargetDependency;
			target = 0FFC92412146779300FDA476 /* Native_iOS_App */;
			targetProxy = 0FFC92572146779500FDA476 /* PBXContainerItemProxy */;
		};
		0FFC92632146779500FDA476 /* PBXTargetDependency */ = {
			isa = PBXTargetDependency;
			target = 0FFC92412146779300FDA476 /* Native_iOS_App */;
			targetProxy = 0FFC92622146779500FDA476 /* PBXContainerItemProxy */;
		};
/* End PBXTargetDependency section */

/* Begin PBXVariantGroup section */
		0FFC92492146779300FDA476 /* Main.storyboard */ = {
			isa = PBXVariantGroup;
			children = (
				0FFC924A2146779300FDA476 /* Base */,
			);
			name = Main.storyboard;
			sourceTree = "<group>";
		};
		0FFC924E2146779500FDA476 /* LaunchScreen.storyboard */ = {
			isa = PBXVariantGroup;
			children = (
				0FFC924F2146779500FDA476 /* Base */,
			);
			name = LaunchScreen.storyboard;
			sourceTree = "<group>";
		};
/* End PBXVariantGroup section */

/* Begin XCBuildConfiguration section */
		0FFC92682146779500FDA476 /* Debug */ = {
			isa = XCBuildConfiguration;
			buildSettings = {
				ALWAYS_SEARCH_USER_PATHS = NO;
				CLANG_ANALYZER_NONNULL = YES;
				CLANG_ANALYZER_NUMBER_OBJECT_CONVERSION = YES_AGGRESSIVE;
				CLANG_CXX_LANGUAGE_STANDARD = "gnu++14";
				CLANG_CXX_LIBRARY = "libc++";
				CLANG_ENABLE_MODULES = YES;
				CLANG_ENABLE_OBJC_ARC = YES;
				CLANG_ENABLE_OBJC_WEAK = YES;
				CLANG_WARN_BLOCK_CAPTURE_AUTORELEASING = YES;
				CLANG_WARN_BOOL_CONVERSION = YES;
				CLANG_WARN_COMMA = YES;
				CLANG_WARN_CONSTANT_CONVERSION = YES;
				CLANG_WARN_DEPRECATED_OBJC_IMPLEMENTATIONS = YES;
				CLANG_WARN_DIRECT_OBJC_ISA_USAGE = YES_ERROR;
				CLANG_WARN_DOCUMENTATION_COMMENTS = YES;
				CLANG_WARN_EMPTY_BODY = YES;
				CLANG_WARN_ENUM_CONVERSION = YES;
				CLANG_WARN_INFINITE_RECURSION = YES;
				CLANG_WARN_INT_CONVERSION = YES;
				CLANG_WARN_NON_LITERAL_NULL_CONVERSION = YES;
				CLANG_WARN_OBJC_IMPLICIT_RETAIN_SELF = YES;
				CLANG_WARN_OBJC_LITERAL_CONVERSION = YES;
				CLANG_WARN_OBJC_ROOT_CLASS = YES_ERROR;
				CLANG_WARN_RANGE_LOOP_ANALYSIS = YES;
				CLANG_WARN_STRICT_PROTOTYPES = YES;
				CLANG_WARN_SUSPICIOUS_MOVE = YES;
				CLANG_WARN_UNGUARDED_AVAILABILITY = YES_AGGRESSIVE;
				CLANG_WARN_UNREACHABLE_CODE = YES;
				CLANG_WARN__DUPLICATE_METHOD_MATCH = YES;
				CODE_SIGN_IDENTITY = "iPhone Developer";
				COPY_PHASE_STRIP = NO;
				DEBUG_INFORMATION_FORMAT = dwarf;
				ENABLE_STRICT_OBJC_MSGSEND = YES;
				ENABLE_TESTABILITY = YES;
				GCC_C_LANGUAGE_STANDARD = gnu11;
				GCC_DYNAMIC_NO_PIC = NO;
				GCC_NO_COMMON_BLOCKS = YES;
				GCC_OPTIMIZATION_LEVEL = 0;
				GCC_PREPROCESSOR_DEFINITIONS = (
					"DEBUG=1",
					"$(inherited)",
				);
				GCC_WARN_64_TO_32_BIT_CONVERSION = YES;
				GCC_WARN_ABOUT_RETURN_TYPE = YES_ERROR;
				GCC_WARN_UNDECLARED_SELECTOR = YES;
				GCC_WARN_UNINITIALIZED_AUTOS = YES_AGGRESSIVE;
				GCC_WARN_UNUSED_FUNCTION = YES;
				GCC_WARN_UNUSED_VARIABLE = YES;
				IPHONEOS_DEPLOYMENT_TARGET = 11.4;
				MTL_ENABLE_DEBUG_INFO = YES;
				ONLY_ACTIVE_ARCH = YES;
				SDKROOT = iphoneos;
				SWIFT_ACTIVE_COMPILATION_CONDITIONS = DEBUG;
				SWIFT_OPTIMIZATION_LEVEL = "-Onone";
			};
			name = Debug;
		};
		0FFC92692146779500FDA476 /* Release */ = {
			isa = XCBuildConfiguration;
			buildSettings = {
				ALWAYS_SEARCH_USER_PATHS = NO;
				CLANG_ANALYZER_NONNULL = YES;
				CLANG_ANALYZER_NUMBER_OBJECT_CONVERSION = YES_AGGRESSIVE;
				CLANG_CXX_LANGUAGE_STANDARD = "gnu++14";
				CLANG_CXX_LIBRARY = "libc++";
				CLANG_ENABLE_MODULES = YES;
				CLANG_ENABLE_OBJC_ARC = YES;
				CLANG_ENABLE_OBJC_WEAK = YES;
				CLANG_WARN_BLOCK_CAPTURE_AUTORELEASING = YES;
				CLANG_WARN_BOOL_CONVERSION = YES;
				CLANG_WARN_COMMA = YES;
				CLANG_WARN_CONSTANT_CONVERSION = YES;
				CLANG_WARN_DEPRECATED_OBJC_IMPLEMENTATIONS = YES;
				CLANG_WARN_DIRECT_OBJC_ISA_USAGE = YES_ERROR;
				CLANG_WARN_DOCUMENTATION_COMMENTS = YES;
				CLANG_WARN_EMPTY_BODY = YES;
				CLANG_WARN_ENUM_CONVERSION = YES;
				CLANG_WARN_INFINITE_RECURSION = YES;
				CLANG_WARN_INT_CONVERSION = YES;
				CLANG_WARN_NON_LITERAL_NULL_CONVERSION = YES;
				CLANG_WARN_OBJC_IMPLICIT_RETAIN_SELF = YES;
				CLANG_WARN_OBJC_LITERAL_CONVERSION = YES;
				CLANG_WARN_OBJC_ROOT_CLASS = YES_ERROR;
				CLANG_WARN_RANGE_LOOP_ANALYSIS = YES;
				CLANG_WARN_STRICT_PROTOTYPES = YES;
				CLANG_WARN_SUSPICIOUS_MOVE = YES;
				CLANG_WARN_UNGUARDED_AVAILABILITY = YES_AGGRESSIVE;
				CLANG_WARN_UNREACHABLE_CODE = YES;
				CLANG_WARN__DUPLICATE_METHOD_MATCH = YES;
				CODE_SIGN_IDENTITY = "iPhone Developer";
				COPY_PHASE_STRIP = NO;
				DEBUG_INFORMATION_FORMAT = "dwarf-with-dsym";
				ENABLE_NS_ASSERTIONS = NO;
				ENABLE_STRICT_OBJC_MSGSEND = YES;
				GCC_C_LANGUAGE_STANDARD = gnu11;
				GCC_NO_COMMON_BLOCKS = YES;
				GCC_WARN_64_TO_32_BIT_CONVERSION = YES;
				GCC_WARN_ABOUT_RETURN_TYPE = YES_ERROR;
				GCC_WARN_UNDECLARED_SELECTOR = YES;
				GCC_WARN_UNINITIALIZED_AUTOS = YES_AGGRESSIVE;
				GCC_WARN_UNUSED_FUNCTION = YES;
				GCC_WARN_UNUSED_VARIABLE = YES;
				IPHONEOS_DEPLOYMENT_TARGET = 11.4;
				MTL_ENABLE_DEBUG_INFO = NO;
				SDKROOT = iphoneos;
				SWIFT_COMPILATION_MODE = wholemodule;
				SWIFT_OPTIMIZATION_LEVEL = "-O";
				VALIDATE_PRODUCT = YES;
			};
			name = Release;
		};
		0FFC926B2146779500FDA476 /* Debug */ = {
			isa = XCBuildConfiguration;
			baseConfigurationReference = F4029EA3CB86124FAE575731 /* Pods-Native_iOS_App.debug.xcconfig */;
			buildSettings = {
				ASSETCATALOG_COMPILER_APPICON_NAME = AppIcon;
				CODE_SIGN_STYLE = Automatic;
				DEVELOPMENT_TEAM = GY84S9P9XS;
				INFOPLIST_FILE = Native_iOS_App/Info.plist;
				LD_RUNPATH_SEARCH_PATHS = (
					"$(inherited)",
					"@executable_path/Frameworks",
				);
				PRODUCT_BUNDLE_IDENTIFIER = "Pramati.Native-iOS-App";
				PRODUCT_NAME = "$(TARGET_NAME)";
				SWIFT_VERSION = 4.0;
				TARGETED_DEVICE_FAMILY = "1,2";
			};
			name = Debug;
		};
		0FFC926C2146779500FDA476 /* Release */ = {
			isa = XCBuildConfiguration;
			baseConfigurationReference = 287B8528C9276C4423E7B969 /* Pods-Native_iOS_App.release.xcconfig */;
			buildSettings = {
				ASSETCATALOG_COMPILER_APPICON_NAME = AppIcon;
				CODE_SIGN_STYLE = Automatic;
				DEVELOPMENT_TEAM = GY84S9P9XS;
				INFOPLIST_FILE = Native_iOS_App/Info.plist;
				LD_RUNPATH_SEARCH_PATHS = (
					"$(inherited)",
					"@executable_path/Frameworks",
				);
				PRODUCT_BUNDLE_IDENTIFIER = "Pramati.Native-iOS-App";
				PRODUCT_NAME = "$(TARGET_NAME)";
				SWIFT_VERSION = 4.0;
				TARGETED_DEVICE_FAMILY = "1,2";
			};
			name = Release;
		};
		0FFC926E2146779500FDA476 /* Debug */ = {
			isa = XCBuildConfiguration;
			baseConfigurationReference = A05FFC3027F1301186FCC6D3 /* Pods-Native_iOS_AppTests.debug.xcconfig */;
			buildSettings = {
				ALWAYS_EMBED_SWIFT_STANDARD_LIBRARIES = YES;
				BUNDLE_LOADER = "$(TEST_HOST)";
				CODE_SIGN_STYLE = Automatic;
				INFOPLIST_FILE = Native_iOS_AppTests/Info.plist;
				LD_RUNPATH_SEARCH_PATHS = (
					"$(inherited)",
					"@executable_path/Frameworks",
					"@loader_path/Frameworks",
				);
				PRODUCT_BUNDLE_IDENTIFIER = "Pramati.Native-iOS-AppTests";
				PRODUCT_NAME = "$(TARGET_NAME)";
				SWIFT_VERSION = 4.0;
				TARGETED_DEVICE_FAMILY = "1,2";
				TEST_HOST = "$(BUILT_PRODUCTS_DIR)/Native_iOS_App.app/Native_iOS_App";
			};
			name = Debug;
		};
		0FFC926F2146779500FDA476 /* Release */ = {
			isa = XCBuildConfiguration;
			baseConfigurationReference = 985B0FAC56F7E4E288108ECE /* Pods-Native_iOS_AppTests.release.xcconfig */;
			buildSettings = {
				ALWAYS_EMBED_SWIFT_STANDARD_LIBRARIES = YES;
				BUNDLE_LOADER = "$(TEST_HOST)";
				CODE_SIGN_STYLE = Automatic;
				INFOPLIST_FILE = Native_iOS_AppTests/Info.plist;
				LD_RUNPATH_SEARCH_PATHS = (
					"$(inherited)",
					"@executable_path/Frameworks",
					"@loader_path/Frameworks",
				);
				PRODUCT_BUNDLE_IDENTIFIER = "Pramati.Native-iOS-AppTests";
				PRODUCT_NAME = "$(TARGET_NAME)";
				SWIFT_VERSION = 4.0;
				TARGETED_DEVICE_FAMILY = "1,2";
				TEST_HOST = "$(BUILT_PRODUCTS_DIR)/Native_iOS_App.app/Native_iOS_App";
			};
			name = Release;
		};
		0FFC92712146779500FDA476 /* Debug */ = {
			isa = XCBuildConfiguration;
			baseConfigurationReference = D4F6722CF6F56D361DADDDA9 /* Pods-Native_iOS_AppUITests.debug.xcconfig */;
			buildSettings = {
				ALWAYS_EMBED_SWIFT_STANDARD_LIBRARIES = YES;
				CODE_SIGN_STYLE = Automatic;
				INFOPLIST_FILE = Native_iOS_AppUITests/Info.plist;
				LD_RUNPATH_SEARCH_PATHS = (
					"$(inherited)",
					"@executable_path/Frameworks",
					"@loader_path/Frameworks",
				);
				PRODUCT_BUNDLE_IDENTIFIER = "Pramati.Native-iOS-AppUITests";
				PRODUCT_NAME = "$(TARGET_NAME)";
				SWIFT_VERSION = 4.0;
				TARGETED_DEVICE_FAMILY = "1,2";
				TEST_TARGET_NAME = Native_iOS_App;
			};
			name = Debug;
		};
		0FFC92722146779500FDA476 /* Release */ = {
			isa = XCBuildConfiguration;
			baseConfigurationReference = 3B08054BA442D16F1CD9B010 /* Pods-Native_iOS_AppUITests.release.xcconfig */;
			buildSettings = {
				ALWAYS_EMBED_SWIFT_STANDARD_LIBRARIES = YES;
				CODE_SIGN_STYLE = Automatic;
				INFOPLIST_FILE = Native_iOS_AppUITests/Info.plist;
				LD_RUNPATH_SEARCH_PATHS = (
					"$(inherited)",
					"@executable_path/Frameworks",
					"@loader_path/Frameworks",
				);
				PRODUCT_BUNDLE_IDENTIFIER = "Pramati.Native-iOS-AppUITests";
				PRODUCT_NAME = "$(TARGET_NAME)";
				SWIFT_VERSION = 4.0;
				TARGETED_DEVICE_FAMILY = "1,2";
				TEST_TARGET_NAME = Native_iOS_App;
			};
			name = Release;
		};
/* End XCBuildConfiguration section */

/* Begin XCConfigurationList section */
		0FFC923D2146779300FDA476 /* Build configuration list for PBXProject "Native_iOS_App" */ = {
			isa = XCConfigurationList;
			buildConfigurations = (
				0FFC92682146779500FDA476 /* Debug */,
				0FFC92692146779500FDA476 /* Release */,
			);
			defaultConfigurationIsVisible = 0;
			defaultConfigurationName = Release;
		};
		0FFC926A2146779500FDA476 /* Build configuration list for PBXNativeTarget "Native_iOS_App" */ = {
			isa = XCConfigurationList;
			buildConfigurations = (
				0FFC926B2146779500FDA476 /* Debug */,
				0FFC926C2146779500FDA476 /* Release */,
			);
			defaultConfigurationIsVisible = 0;
			defaultConfigurationName = Release;
		};
		0FFC926D2146779500FDA476 /* Build configuration list for PBXNativeTarget "Native_iOS_AppTests" */ = {
			isa = XCConfigurationList;
			buildConfigurations = (
				0FFC926E2146779500FDA476 /* Debug */,
				0FFC926F2146779500FDA476 /* Release */,
			);
			defaultConfigurationIsVisible = 0;
			defaultConfigurationName = Release;
		};
		0FFC92702146779500FDA476 /* Build configuration list for PBXNativeTarget "Native_iOS_AppUITests" */ = {
			isa = XCConfigurationList;
			buildConfigurations = (
				0FFC92712146779500FDA476 /* Debug */,
				0FFC92722146779500FDA476 /* Release */,
			);
			defaultConfigurationIsVisible = 0;
			defaultConfigurationName = Release;
		};
/* End XCConfigurationList section */
	};
	rootObject = 0FFC923A2146779300FDA476 /* Project object */;
}
